
Microsoft Visual Studio Solution File, Format Version 12.00
# Visual Studio 15
VisualStudioVersion = 15.0.28307.271
MinimumVisualStudioVersion = 10.0.40219.1
Project("{9A19103F-16F7-4668-BE54-9A1E7A4F7556}") = "OverviewRabbitMqDl", "OverviewRabbitMqDl.csproj", "{71825049-C9CA-4A03-BF18-7B16B86CF2D6}"
EndProject
Global
	GlobalSection(SolutionConfigurationPlatforms) = preSolution
		Debug|Any CPU = Debug|Any CPU
		Release|Any CPU = Release|Any CPU
	EndGlobalSection
	GlobalSection(ProjectConfigurationPlatforms) = postSolution
		{71825049-C9CA-4A03-BF18-7B16B86CF2D6}.Debug|Any CPU.ActiveCfg = Debug|Any CPU
		{71825049-C9CA-4A03-BF18-7B16B86CF2D6}.Debug|Any CPU.Build.0 = Debug|Any CPU
		{71825049-C9CA-4A03-BF18-7B16B86CF2D6}.Release|Any CPU.ActiveCfg = Release|Any CPU
		{71825049-C9CA-4A03-BF18-7B16B86CF2D6}.Release|Any CPU.Build.0 = Release|Any CPU
	EndGlobalSection
	GlobalSection(SolutionProperties) = preSolution
		HideSolutionNode = FALSE
	EndGlobalSection
	GlobalSection(ExtensibilityGlobals) = postSolution
		SolutionGuid = {68209415-2615-42F2-AC99-C4423D919E3A}
	EndGlobalSection
EndGlobal
